Microsoft Visual Studio Solution File, Format Version 11.00
# Visual Studio 2008

Project("{4C341A21-6655-9824-FDE7-80BEBADD88A6}") = "Penguins Breaking the Ice", "Assembly-CSharp-vs.csproj", "{5EF34275-8BEE-348D-3312-D85A77E2ABD4}"
EndProject
Project("{4C341A21-6655-9824-FDE7-80BEBADD88A6}") = "Penguins Breaking the Ice", "Assembly-CSharp-Editor-vs.csproj", "{293C31F8-6FBE-221F-17ED-822040F0DA71}"
EndProject
Global
	GlobalSection(SolutionConfigurationPlatforms) = preSolution
		Debug|Any CPU = Debug|Any CPU
		Release|Any CPU = Release|Any CPU
	EndGlobalSection
	GlobalSection(ProjectConfigurationPlatforms) = postSolution
		{5EF34275-8BEE-348D-3312-D85A77E2ABD4}.Debug|Any CPU.ActiveCfg = Debug|Any CPU
		{5EF34275-8BEE-348D-3312-D85A77E2ABD4}.Debug|Any CPU.Build.0 = Debug|Any CPU
		{5EF34275-8BEE-348D-3312-D85A77E2ABD4}.Release|Any CPU.ActiveCfg = Release|Any CPU
		{5EF34275-8BEE-348D-3312-D85A77E2ABD4}.Release|Any CPU.Build.0 = Release|Any CPU
		{293C31F8-6FBE-221F-17ED-822040F0DA71}.Debug|Any CPU.ActiveCfg = Debug|Any CPU
		{293C31F8-6FBE-221F-17ED-822040F0DA71}.Debug|Any CPU.Build.0 = Debug|Any CPU
		{293C31F8-6FBE-221F-17ED-822040F0DA71}.Release|Any CPU.ActiveCfg = Release|Any CPU
		{293C31F8-6FBE-221F-17ED-822040F0DA71}.Release|Any CPU.Build.0 = Release|Any CPU
	EndGlobalSection
	GlobalSection(SolutionProperties) = preSolution
		HideSolutionNode = FALSE
	EndGlobalSection
																																																																																																																																																																				GlobalSection(MonoDevelopProperties) = preSolution
		StartupItem = Assembly-CSharp.csproj
		Policies = $0
		$0.TextStylePolicy = $1
		$1.inheritsSet = null
		$1.scope = text/x-csharp
		$0.CSharpFormattingPolicy = $2
		$2.inheritsSet = Mono
		$2.inheritsScope = text/x-csharp
		$2.scope = text/x-csharp
		$0.TextStylePolicy = $3
		$3.FileWidth = 120
		$3.TabWidth = 4
		$3.EolMarker = Unix
		$3.inheritsSet = Mono
		$3.inheritsScope = text/plain
		$3.scope = text/plain
	EndGlobalSection

EndGlobal
